// !$*UTF8*$!
{
	archiveVersion = 1;
	classes = {
	};
	objectVersion = 46;
	objects = {

/* Begin PBXBuildFile section */
		5ED034121ED82C8600255789 /* main.m in Sources */ = {isa = PBXBuildFile; fileRef = 5ED034111ED82C8600255789 /* main.m */; };
		5ED034151ED82C8600255789 /* AppDelegate.m in Sources */ = {isa = PBXBuildFile; fileRef = 5ED034141ED82C8600255789 /* AppDelegate.m */; };
		5ED034181ED82C8600255789 /* ViewController.m in Sources */ = {isa = PBXBuildFile; fileRef = 5ED034171ED82C8600255789 /* ViewController.m */; };
		5ED0341B1ED82C8600255789 /* Main.storyboard in Resources */ = {isa = PBXBuildFile; fileRef = 5ED034191ED82C8600255789 /* Main.storyboard */; };
		5ED0341D1ED82C8600255789 /* Assets.xcassets in Resources */ = {isa = PBXBuildFile; fileRef = 5ED0341C1ED82C8600255789 /* Assets.xcassets */; };
		5ED034201ED82C8600255789 /* LaunchScreen.storyboard in Resources */ = {isa = PBXBuildFile; fileRef = 5ED0341E1ED82C8600255789 /* LaunchScreen.storyboard */; };
		5ED0342B1ED82C8700255789 /* ZJDateKitTests.m in Sources */ = {isa = PBXBuildFile; fileRef = 5ED0342A1ED82C8600255789 /* ZJDateKitTests.m */; };
		5ED034361ED82C8700255789 /* ZJDateKitUITests.m in Sources */ = {isa = PBXBuildFile; fileRef = 5ED034351ED82C8700255789 /* ZJDateKitUITests.m */; };
		5ED034451ED82CBB00255789 /* ZJDateManager.m in Sources */ = {isa = PBXBuildFile; fileRef = 5ED034441ED82CBB00255789 /* ZJDateManager.m */; };
/* End PBXBuildFile section */

/* Begin PBXContainerItemProxy section */
		5ED034271ED82C8600255789 /* PBXContainerItemProxy */ = {
			isa = PBXContainerItemProxy;
			containerPortal = 5ED034051ED82C8600255789 /* Project object */;
			proxyType = 1;
			remoteGlobalIDString = 5ED0340C1ED82C8600255789;
			remoteInfo = ZJDateKit;
		};
		5ED034321ED82C8700255789 /* PBXContainerItemProxy */ = {
			isa = PBXContainerItemProxy;
			containerPortal = 5ED034051ED82C8600255789 /* Project object */;
			proxyType = 1;
			remoteGlobalIDString = 5ED0340C1ED82C8600255789;
			remoteInfo = ZJDateKit;
		};
/* End PBXContainerItemProxy section */

/* Begin PBXFileReference section */
		5ED0340D1ED82C8600255789 /* ZJDateKit.app */ = {isa = PBXFileReference; explicitFileType = wrapper.application; includeInIndex = 0; path = ZJDateKit.app; sourceTree = BUILT_PRODUCTS_DIR; };
		5ED034111ED82C8600255789 /* main.m */ = {isa = PBXFileReference; lastKnownFileType = sourcecode.c.objc; path = main.m; sourceTree = "<group>"; };
		5ED034131ED82C8600255789 /* AppDelegate.h */ = {isa = PBXFileReference; lastKnownFileType = sourcecode.c.h; path = AppDelegate.h; sourceTree = "<group>"; };
		5ED034141ED82C8600255789 /* AppDelegate.m */ = {isa = PBXFileReference; lastKnownFileType = sourcecode.c.objc; path = AppDelegate.m; sourceTree = "<group>"; };
		5ED034161ED82C8600255789 /* ViewController.h */ = {isa = PBXFileReference; lastKnownFileType = sourcecode.c.h; path = ViewController.h; sourceTree = "<group>"; };
		5ED034171ED82C8600255789 /* ViewController.m */ = {isa = PBXFileReference; lastKnownFileType = sourcecode.c.objc; path = ViewController.m; sourceTree = "<group>"; };
		5ED0341A1ED82C8600255789 /* Base */ = {isa = PBXFileReference; lastKnownFileType = file.storyboard; name = Base; path = Base.lproj/Main.storyboard; sourceTree = "<group>"; };
		5ED0341C1ED82C8600255789 /* Assets.xcassets */ = {isa = PBXFileReference; lastKnownFileType = folder.assetcatalog; path = Assets.xcassets; sourceTree = "<group>"; };
		5ED0341F1ED82C8600255789 /* Base */ = {isa = PBXFileReference; lastKnownFileType = file.storyboard; name = Base; path = Base.lproj/LaunchScreen.storyboard; sourceTree = "<group>"; };
		5ED034211ED82C8600255789 /* Info.plist */ = {isa = PBXFileReference; lastKnownFileType = text.plist.xml; path = Info.plist; sourceTree = "<group>"; };
		5ED034261ED82C8600255789 /* ZJDateKitTests.xctest */ = {isa = PBXFileReference; explicitFileType = wrapper.cfbundle; includeInIndex = 0; path = ZJDateKitTests.xctest; sourceTree = BUILT_PRODUCTS_DIR; };
		5ED0342A1ED82C8600255789 /* ZJDateKitTests.m */ = {isa = PBXFileReference; lastKnownFileType = sourcecode.c.objc; path = ZJDateKitTests.m; sourceTree = "<group>"; };
		5ED0342C1ED82C8700255789 /* Info.plist */ = {isa = PBXFileReference; lastKnownFileType = text.plist.xml; path = Info.plist; sourceTree = "<group>"; };
		5ED034311ED82C8700255789 /* ZJDateKitUITests.xctest */ = {isa = PBXFileReference; explicitFileType = wrapper.cfbundle; includeInIndex = 0; path = ZJDateKitUITests.xctest; sourceTree = BUILT_PRODUCTS_DIR; };
		5ED034351ED82C8700255789 /* ZJDateKitUITests.m */ = {isa = PBXFileReference; lastKnownFileType = sourcecode.c.objc; path = ZJDateKitUITests.m; sourceTree = "<group>"; };
		5ED034371ED82C8700255789 /* Info.plist */ = {isa = PBXFileReference; lastKnownFileType = text.plist.xml; path = Info.plist; sourceTree = "<group>"; };
		5ED034431ED82CBB00255789 /* ZJDateManager.h */ = {isa = PBXFileReference; fileEncoding = 4; lastKnownFileType = sourcecode.c.h; path = ZJDateManager.h; sourceTree = "<group>"; };
		5ED034441ED82CBB00255789 /* ZJDateManager.m */ = {isa = PBXFileReference; fileEncoding = 4; lastKnownFileType = sourcecode.c.objc; path = ZJDateManager.m; sourceTree = "<group>"; };
/* End PBXFileReference section */

/* Begin PBXFrameworksBuildPhase section */
		5ED0340A1ED82C8600255789 /* Frameworks */ = {
			isa = PBXFrameworksBuildPhase;
			buildActionMask = 2147483647;
			files = (
			);
			runOnlyForDeploymentPostprocessing = 0;
		};
		5ED034231ED82C8600255789 /* Frameworks */ = {
			isa = PBXFrameworksBuildPhase;
			buildActionMask = 2147483647;
			files = (
			);
			runOnlyForDeploymentPostprocessing = 0;
		};
		5ED0342E1ED82C8700255789 /* Frameworks */ = {
			isa = PBXFrameworksBuildPhase;
			buildActionMask = 2147483647;
			files = (
			);
			runOnlyForDeploymentPostprocessing = 0;
		};
/* End PBXFrameworksBuildPhase section */

/* Begin PBXGroup section */
		5ED034041ED82C8600255789 = {
			isa = PBXGroup;
			children = (
				5ED0340F1ED82C8600255789 /* ZJDateKit */,
				5ED034291ED82C8600255789 /* ZJDateKitTests */,
				5ED034341ED82C8700255789 /* ZJDateKitUITests */,
				5ED0340E1ED82C8600255789 /* Products */,
			);
			sourceTree = "<group>";
		};
		5ED0340E1ED82C8600255789 /* Products */ = {
			isa = PBXGroup;
			children = (
				5ED0340D1ED82C8600255789 /* ZJDateKit.app */,
				5ED034261ED82C8600255789 /* ZJDateKitTests.xctest */,
				5ED034311ED82C8700255789 /* ZJDateKitUITests.xctest */,
			);
			name = Products;
			sourceTree = "<group>";
		};
		5ED0340F1ED82C8600255789 /* ZJDateKit */ = {
			isa = PBXGroup;
			children = (
				5ED034131ED82C8600255789 /* AppDelegate.h */,
				5ED034141ED82C8600255789 /* AppDelegate.m */,
				5ED034161ED82C8600255789 /* ViewController.h */,
				5ED034171ED82C8600255789 /* ViewController.m */,
				5ED034431ED82CBB00255789 /* ZJDateManager.h */,
				5ED034441ED82CBB00255789 /* ZJDateManager.m */,
				5ED034191ED82C8600255789 /* Main.storyboard */,
				5ED0341C1ED82C8600255789 /* Assets.xcassets */,
				5ED0341E1ED82C8600255789 /* LaunchScreen.storyboard */,
				5ED034211ED82C8600255789 /* Info.plist */,
				5ED034101ED82C8600255789 /* Supporting Files */,
			);
			path = ZJDateKit;
			sourceTree = "<group>";
		};
		5ED034101ED82C8600255789 /* Supporting Files */ = {
			isa = PBXGroup;
			children = (
				5ED034111ED82C8600255789 /* main.m */,
			);
			name = "Supporting Files";
			sourceTree = "<group>";
		};
		5ED034291ED82C8600255789 /* ZJDateKitTests */ = {
			isa = PBXGroup;
			children = (
				5ED0342A1ED82C8600255789 /* ZJDateKitTests.m */,
				5ED0342C1ED82C8700255789 /* Info.plist */,
			);
			path = ZJDateKitTests;
			sourceTree = "<group>";
		};
		5ED034341ED82C8700255789 /* ZJDateKitUITests */ = {
			isa = PBXGroup;
			children = (
				5ED034351ED82C8700255789 /* ZJDateKitUITests.m */,
				5ED034371ED82C8700255789 /* Info.plist */,
			);
			path = ZJDateKitUITests;
			sourceTree = "<group>";
		};
/* End PBXGroup section */

/* Begin PBXNativeTarget section */
		5ED0340C1ED82C8600255789 /* ZJDateKit */ = {
			isa = PBXNativeTarget;
			buildConfigurationList = 5ED0343A1ED82C8700255789 /* Build configuration list for PBXNativeTarget "ZJDateKit" */;
			buildPhases = (
				5ED034091ED82C8600255789 /* Sources */,
				5ED0340A1ED82C8600255789 /* Frameworks */,
				5ED0340B1ED82C8600255789 /* Resources */,
			);
			buildRules = (
			);
			dependencies = (
			);
			name = ZJDateKit;
			productName = ZJDateKit;
			productReference = 5ED0340D1ED82C8600255789 /* ZJDateKit.app */;
			productType = "com.apple.product-type.application";
		};
		5ED034251ED82C8600255789 /* ZJDateKitTests */ = {
			isa = PBXNativeTarget;
			buildConfigurationList = 5ED0343D1ED82C8700255789 /* Build configuration list for PBXNativeTarget "ZJDateKitTests" */;
			buildPhases = (
				5ED034221ED82C8600255789 /* Sources */,
				5ED034231ED82C8600255789 /* Frameworks */,
				5ED034241ED82C8600255789 /* Resources */,
			);
			buildRules = (
			);
			dependencies = (
				5ED034281ED82C8600255789 /* PBXTargetDependency */,
			);
			name = ZJDateKitTests;
			productName = ZJDateKitTests;
			productReference = 5ED034261ED82C8600255789 /* ZJDateKitTests.xctest */;
			productType = "com.apple.product-type.bundle.unit-test";
		};
		5ED034301ED82C8700255789 /* ZJDateKitUITests */ = {
			isa = PBXNativeTarget;
			buildConfigurationList = 5ED034401ED82C8700255789 /* Build configuration list for PBXNativeTarget "ZJDateKitUITests" */;
			buildPhases = (
				5ED0342D1ED82C8700255789 /* Sources */,
				5ED0342E1ED82C8700255789 /* Frameworks */,
				5ED0342F1ED82C8700255789 /* Resources */,
			);
			buildRules = (
			);
			dependencies = (
				5ED034331ED82C8700255789 /* PBXTargetDependency */,
			);
			name = ZJDateKitUITests;
			productName = ZJDateKitUITests;
			productReference = 5ED034311ED82C8700255789 /* ZJDateKitUITests.xctest */;
			productType = "com.apple.product-type.bundle.ui-testing";
		};
/* End PBXNativeTarget section */

/* Begin PBXProject section */
		5ED034051ED82C8600255789 /* Project object */ = {
			isa = PBXProject;
			attributes = {
				LastUpgradeCheck = 0830;
				ORGANIZATIONNAME = nero;
				TargetAttributes = {
					5ED0340C1ED82C8600255789 = {
						CreatedOnToolsVersion = 8.3.2;
						DevelopmentTeam = 6MJQ2D4NLN;
						ProvisioningStyle = Automatic;
					};
					5ED034251ED82C8600255789 = {
						CreatedOnToolsVersion = 8.3.2;
						DevelopmentTeam = 6MJQ2D4NLN;
						ProvisioningStyle = Automatic;
						TestTargetID = 5ED0340C1ED82C8600255789;
					};
					5ED034301ED82C8700255789 = {
						CreatedOnToolsVersion = 8.3.2;
						DevelopmentTeam = 6MJQ2D4NLN;
						ProvisioningStyle = Automatic;
						TestTargetID = 5ED0340C1ED82C8600255789;
					};
				};
			};
			buildConfigurationList = 5ED034081ED82C8600255789 /* Build configuration list for PBXProject "ZJDateKit" */;
			compatibilityVersion = "Xcode 3.2";
			developmentRegion = English;
			hasScannedForEncodings = 0;
			knownRegions = (
				en,
				Base,
			);
			mainGroup = 5ED034041ED82C8600255789;
			productRefGroup = 5ED0340E1ED82C8600255789 /* Products */;
			projectDirPath = "";
			projectRoot = "";
			targets = (
				5ED0340C1ED82C8600255789 /* ZJDateKit */,
				5ED034251ED82C8600255789 /* ZJDateKitTests */,
				5ED034301ED82C8700255789 /* ZJDateKitUITests */,
			);
		};
/* End PBXProject section */

/* Begin PBXResourcesBuildPhase section */
		5ED0340B1ED82C8600255789 /* Resources */ = {
			isa = PBXResourcesBuildPhase;
			buildActionMask = 2147483647;
			files = (
				5ED034201ED82C8600255789 /* LaunchScreen.storyboard in Resources */,
				5ED0341D1ED82C8600255789 /* Assets.xcassets in Resources */,
				5ED0341B1ED82C8600255789 /* Main.storyboard in Resources */,
			);
			runOnlyForDeploymentPostprocessing = 0;
		};
		5ED034241ED82C8600255789 /* Resources */ = {
			isa = PBXResourcesBuildPhase;
			buildActionMask = 2147483647;
			files = (
			);
			runOnlyForDeploymentPostprocessing = 0;
		};
		5ED0342F1ED82C8700255789 /* Resources */ = {
			isa = PBXResourcesBuildPhase;
			buildActionMask = 2147483647;
			files = (
			);
			runOnlyForDeploymentPostprocessing = 0;
		};
/* End PBXResourcesBuildPhase section */

/* Begin PBXSourcesBuildPhase section */
		5ED034091ED82C8600255789 /* Sources */ = {
			isa = PBXSourcesBuildPhase;
			buildActionMask = 2147483647;
			files = (
				5ED034181ED82C8600255789 /* ViewController.m in Sources */,
				5ED034151ED82C8600255789 /* AppDelegate.m in Sources */,
				5ED034121ED82C8600255789 /* main.m in Sources */,
				5ED034451ED82CBB00255789 /* ZJDateManager.m in Sources */,
			);
			runOnlyForDeploymentPostprocessing = 0;
		};
		5ED034221ED82C8600255789 /* Sources */ = {
			isa = PBXSourcesBuildPhase;
			buildActionMask = 2147483647;
			files = (
				5ED0342B1ED82C8700255789 /* ZJDateKitTests.m in Sources */,
			);
			runOnlyForDeploymentPostprocessing = 0;
		};
		5ED0342D1ED82C8700255789 /* Sources */ = {
			isa = PBXSourcesBuildPhase;
			buildActionMask = 2147483647;
			files = (
				5ED034361ED82C8700255789 /* ZJDateKitUITests.m in Sources */,
			);
			runOnlyForDeploymentPostprocessing = 0;
		};
/* End PBXSourcesBuildPhase section */

/* Begin PBXTargetDependency section */
		5ED034281ED82C8600255789 /* PBXTargetDependency */ = {
			isa = PBXTargetDependency;
			target = 5ED0340C1ED82C8600255789 /* ZJDateKit */;
			targetProxy = 5ED034271ED82C8600255789 /* PBXContainerItemProxy */;
		};
		5ED034331ED82C8700255789 /* PBXTargetDependency */ = {
			isa = PBXTargetDependency;
			target = 5ED0340C1ED82C8600255789 /* ZJDateKit */;
			targetProxy = 5ED034321ED82C8700255789 /* PBXContainerItemProxy */;
		};
/* End PBXTargetDependency section */

/* Begin PBXVariantGroup section */
		5ED034191ED82C8600255789 /* Main.storyboard */ = {
			isa = PBXVariantGroup;
			children = (
				5ED0341A1ED82C8600255789 /* Base */,
			);
			name = Main.storyboard;
			sourceTree = "<group>";
		};
		5ED0341E1ED82C8600255789 /* LaunchScreen.storyboard */ = {
			isa = PBXVariantGroup;
			children = (
				5ED0341F1ED82C8600255789 /* Base */,
			);
			name = LaunchScreen.storyboard;
			sourceTree = "<group>";
		};
/* End PBXVariantGroup section */

/* Begin XCBuildConfiguration section */
		5ED034381ED82C8700255789 /* Debug */ = {
			isa = XCBuildConfiguration;
			buildSettings = {
				ALWAYS_SEARCH_USER_PATHS = NO;
				CLANG_ANALYZER_NONNULL = YES;
				CLANG_ANALYZER_NUMBER_OBJECT_CONVERSION = YES_AGGRESSIVE;
				CLANG_CXX_LANGUAGE_STANDARD = "gnu++0x";
				CLANG_CXX_LIBRARY = "libc++";
				CLANG_ENABLE_MODULES = YES;
				CLANG_ENABLE_OBJC_ARC = YES;
				CLANG_WARN_BOOL_CONVERSION = YES;
				CLANG_WARN_CONSTANT_CONVERSION = YES;
				CLANG_WARN_DIRECT_OBJC_ISA_USAGE = YES_ERROR;
				CLANG_WARN_DOCUMENTATION_COMMENTS = YES;
				CLANG_WARN_EMPTY_BODY = YES;
				CLANG_WARN_ENUM_CONVERSION = YES;
				CLANG_WARN_INFINITE_RECURSION = YES;
				CLANG_WARN_INT_CONVERSION = YES;
				CLANG_WARN_OBJC_ROOT_CLASS = YES_ERROR;
				CLANG_WARN_SUSPICIOUS_MOVE = YES;
				CLANG_WARN_UNREACHABLE_CODE = YES;
				CLANG_WARN__DUPLICATE_METHOD_MATCH = YES;
				"CODE_SIGN_IDENTITY[sdk=iphoneos*]" = "iPhone Developer";
				COPY_PHASE_STRIP = NO;
				DEBUG_INFORMATION_FORMAT = dwarf;
				ENABLE_STRICT_OBJC_MSGSEND = YES;
				ENABLE_TESTABILITY = YES;
				GCC_C_LANGUAGE_STANDARD = gnu99;
				GCC_DYNAMIC_NO_PIC = NO;
				GCC_NO_COMMON_BLOCKS = YES;
				GCC_OPTIMIZATION_LEVEL = 0;
				GCC_PREPROCESSOR_DEFINITIONS = (
					"DEBUG=1",
					"$(inherited)",
				);
				GCC_WARN_64_TO_32_BIT_CONVERSION = YES;
				GCC_WARN_ABOUT_RETURN_TYPE = YES_ERROR;
				GCC_WARN_UNDECLARED_SELECTOR = YES;
				GCC_WARN_UNINITIALIZED_AUTOS = YES_AGGRESSIVE;
				GCC_WARN_UNUSED_FUNCTION = YES;
				GCC_WARN_UNUSED_VARIABLE = YES;
				IPHONEOS_DEPLOYMENT_TARGET = 10.3;
				MTL_ENABLE_DEBUG_INFO = YES;
				ONLY_ACTIVE_ARCH = YES;
				SDKROOT = iphoneos;
				TARGETED_DEVICE_FAMILY = "1,2";
			};
			name = Debug;
		};
		5ED034391ED82C8700255789 /* Release */ = {
			isa = XCBuildConfiguration;
			buildSettings = {
				ALWAYS_SEARCH_USER_PATHS = NO;
				CLANG_ANALYZER_NONNULL = YES;
				CLANG_ANALYZER_NUMBER_OBJECT_CONVERSION = YES_AGGRESSIVE;
				CLANG_CXX_LANGUAGE_STANDARD = "gnu++0x";
				CLANG_CXX_LIBRARY = "libc++";
				CLANG_ENABLE_MODULES = YES;
				CLANG_ENABLE_OBJC_ARC = YES;
				CLANG_WARN_BOOL_CONVERSION = YES;
				CLANG_WARN_CONSTANT_CONVERSION = YES;
				CLANG_WARN_DIRECT_OBJC_ISA_USAGE = YES_ERROR;
				CLANG_WARN_DOCUMENTATION_COMMENTS = YES;
				CLANG_WARN_EMPTY_BODY = YES;
				CLANG_WARN_ENUM_CONVERSION = YES;
				CLANG_WARN_INFINITE_RECURSION = YES;
				CLANG_WARN_INT_CONVERSION = YES;
				CLANG_WARN_OBJC_ROOT_CLASS = YES_ERROR;
				CLANG_WARN_SUSPICIOUS_MOVE = YES;
				CLANG_WARN_UNREACHABLE_CODE = YES;
				CLANG_WARN__DUPLICATE_METHOD_MATCH = YES;
				"CODE_SIGN_IDENTITY[sdk=iphoneos*]" = "iPhone Developer";
				COPY_PHASE_STRIP = NO;
				DEBUG_INFORMATION_FORMAT = "dwarf-with-dsym";
				ENABLE_NS_ASSERTIONS = NO;
				ENABLE_STRICT_OBJC_MSGSEND = YES;
				GCC_C_LANGUAGE_STANDARD = gnu99;
				GCC_NO_COMMON_BLOCKS = YES;
				GCC_WARN_64_TO_32_BIT_CONVERSION = YES;
				GCC_WARN_ABOUT_RETURN_TYPE = YES_ERROR;
				GCC_WARN_UNDECLARED_SELECTOR = YES;
				GCC_WARN_UNINITIALIZED_AUTOS = YES_AGGRESSIVE;
				GCC_WARN_UNUSED_FUNCTION = YES;
				GCC_WARN_UNUSED_VARIABLE = YES;
				IPHONEOS_DEPLOYMENT_TARGET = 10.3;
				MTL_ENABLE_DEBUG_INFO = NO;
				SDKROOT = iphoneos;
				TARGETED_DEVICE_FAMILY = "1,2";
				VALIDATE_PRODUCT = YES;
			};
			name = Release;
		};
		5ED0343B1ED82C8700255789 /* Debug */ = {
			isa = XCBuildConfiguration;
			buildSettings = {
				ASSETCATALOG_COMPILER_APPICON_NAME = AppIcon;
				DEVELOPMENT_TEAM = 6MJQ2D4NLN;
				INFOPLIST_FILE = ZJDateKit/Info.plist;
				LD_RUNPATH_SEARCH_PATHS = "$(inherited) @executable_path/Frameworks";
				PRODUCT_BUNDLE_IDENTIFIER = nero.ZJDateKit;
				PRODUCT_NAME = "$(TARGET_NAME)";
			};
			name = Debug;
		};
		5ED0343C1ED82C8700255789 /* Release */ = {
			isa = XCBuildConfiguration;
			buildSettings = {
				ASSETCATALOG_COMPILER_APPICON_NAME = AppIcon;
				DEVELOPMENT_TEAM = 6MJQ2D4NLN;
				INFOPLIST_FILE = ZJDateKit/Info.plist;
				LD_RUNPATH_SEARCH_PATHS = "$(inherited) @executable_path/Frameworks";
				PRODUCT_BUNDLE_IDENTIFIER = nero.ZJDateKit;
				PRODUCT_NAME = "$(TARGET_NAME)";
			};
			name = Release;
		};
		5ED0343E1ED82C8700255789 /* Debug */ = {
			isa = XCBuildConfiguration;
			buildSettings = {
				BUNDLE_LOADER = "$(TEST_HOST)";
				DEVELOPMENT_TEAM = 6MJQ2D4NLN;
				INFOPLIST_FILE = ZJDateKitTests/Info.plist;
				LD_RUNPATH_SEARCH_PATHS = "$(inherited) @executable_path/Frameworks @loader_path/Frameworks";
				PRODUCT_BUNDLE_IDENTIFIER = nero.ZJDateKitTests;
				PRODUCT_NAME = "$(TARGET_NAME)";
				TEST_HOST = "$(BUILT_PRODUCTS_DIR)/ZJDateKit.app/ZJDateKit";
			};
			name = Debug;
		};
		5ED0343F1ED82C8700255789 /* Release */ = {
			isa = XCBuildConfiguration;
			buildSettings = {
				BUNDLE_LOADER = "$(TEST_HOST)";
				DEVELOPMENT_TEAM = 6MJQ2D4NLN;
				INFOPLIST_FILE = ZJDateKitTests/Info.plist;
				LD_RUNPATH_SEARCH_PATHS = "$(inherited) @executable_path/Frameworks @loader_path/Frameworks";
				PRODUCT_BUNDLE_IDENTIFIER = nero.ZJDateKitTests;
				PRODUCT_NAME = "$(TARGET_NAME)";
				TEST_HOST = "$(BUILT_PRODUCTS_DIR)/ZJDateKit.app/ZJDateKit";
			};
			name = Release;
		};
		5ED034411ED82C8700255789 /* Debug */ = {
			isa = XCBuildConfiguration;
			buildSettings = {
				DEVELOPMENT_TEAM = 6MJQ2D4NLN;
				INFOPLIST_FILE = ZJDateKitUITests/Info.plist;
				LD_RUNPATH_SEARCH_PATHS = "$(inherited) @executable_path/Frameworks @loader_path/Frameworks";
				PRODUCT_BUNDLE_IDENTIFIER = nero.ZJDateKitUITests;
				PRODUCT_NAME = "$(TARGET_NAME)";
				TEST_TARGET_NAME = ZJDateKit;
			};
			name = Debug;
		};
		5ED034421ED82C8700255789 /* Release */ = {
			isa = XCBuildConfiguration;
			buildSettings = {
				DEVELOPMENT_TEAM = 6MJQ2D4NLN;
				INFOPLIST_FILE = ZJDateKitUITests/Info.plist;
				LD_RUNPATH_SEARCH_PATHS = "$(inherited) @executable_path/Frameworks @loader_path/Frameworks";
				PRODUCT_BUNDLE_IDENTIFIER = nero.ZJDateKitUITests;
				PRODUCT_NAME = "$(TARGET_NAME)";
				TEST_TARGET_NAME = ZJDateKit;
			};
			name = Release;
		};
/* End XCBuildConfiguration section */

/* Begin XCConfigurationList section */
		5ED034081ED82C8600255789 /* Build configuration list for PBXProject "ZJDateKit" */ = {
			isa = XCConfigurationList;
			buildConfigurations = (
				5ED034381ED82C8700255789 /* Debug */,
				5ED034391ED82C8700255789 /* Release */,
			);
			defaultConfigurationIsVisible = 0;
			defaultConfigurationName = Release;
		};
		5ED0343A1ED82C8700255789 /* Build configuration list for PBXNativeTarget "ZJDateKit" */ = {
			isa = XCConfigurationList;
			buildConfigurations = (
				5ED0343B1ED82C8700255789 /* Debug */,
				5ED0343C1ED82C8700255789 /* Release */,
			);
			defaultConfigurationIsVisible = 0;
		};
		5ED0343D1ED82C8700255789 /* Build configuration list for PBXNativeTarget "ZJDateKitTests" */ = {
			isa = XCConfigurationList;
			buildConfigurations = (
				5ED0343E1ED82C8700255789 /* Debug */,
				5ED0343F1ED82C8700255789 /* Release */,
			);
			defaultConfigurationIsVisible = 0;
		};
		5ED034401ED82C8700255789 /* Build configuration list for PBXNativeTarget "ZJDateKitUITests" */ = {
			isa = XCConfigurationList;
			buildConfigurations = (
				5ED034411ED82C8700255789 /* Debug */,
				5ED034421ED82C8700255789 /* Release */,
			);
			defaultConfigurationIsVisible = 0;
		};
/* End XCConfigurationList section */
	};
	rootObject = 5ED034051ED82C8600255789 /* Project object */;
}
